// !$*UTF8*$!
{
	archiveVersion = 1;
	classes = {
	};
	objectVersion = 51;
	objects = {

/* Begin PBXBuildFile section */
		0BDFE1B74A120EC4512E93E6 /* Pods_voter_voterUITests.framework in Frameworks */ = {isa = PBXBuildFile; fileRef = 42E1C23ECDA4934C5C05CEA4 /* Pods_voter_voterUITests.framework */; };
		2A6E6B1183B13CCDB47B37B4 /* Pods_voterTests.framework in Frameworks */ = {isa = PBXBuildFile; fileRef = 3D8FA09F9DBC9E9570634643 /* Pods_voterTests.framework */; };
		9724DE2F2351C6EA00921865 /* RootViewController.swift in Sources */ = {isa = PBXBuildFile; fileRef = 9724DE2E2351C6EA00921865 /* RootViewController.swift */; };
		9724DE312351ED0300921865 /* LogInViewController.swift in Sources */ = {isa = PBXBuildFile; fileRef = 9724DE302351ED0300921865 /* LogInViewController.swift */; };
		9724DE332351ED0F00921865 /* SignUpViewController.swift in Sources */ = {isa = PBXBuildFile; fileRef = 9724DE322351ED0F00921865 /* SignUpViewController.swift */; };
		9724DE372351EDD900921865 /* GoogleService-Info.plist in Resources */ = {isa = PBXBuildFile; fileRef = 9724DE362351EDD900921865 /* GoogleService-Info.plist */; };
		977FBD352351C3CA00190CC4 /* AppDelegate.swift in Sources */ = {isa = PBXBuildFile; fileRef = 977FBD342351C3CA00190CC4 /* AppDelegate.swift */; };
		977FBD372351C3CA00190CC4 /* ViewController.swift in Sources */ = {isa = PBXBuildFile; fileRef = 977FBD362351C3CA00190CC4 /* ViewController.swift */; };
		977FBD3A2351C3CA00190CC4 /* Main.storyboard in Resources */ = {isa = PBXBuildFile; fileRef = 977FBD382351C3CA00190CC4 /* Main.storyboard */; };
		977FBD3C2351C3CC00190CC4 /* Assets.xcassets in Resources */ = {isa = PBXBuildFile; fileRef = 977FBD3B2351C3CC00190CC4 /* Assets.xcassets */; };
		977FBD3F2351C3CC00190CC4 /* LaunchScreen.storyboard in Resources */ = {isa = PBXBuildFile; fileRef = 977FBD3D2351C3CC00190CC4 /* LaunchScreen.storyboard */; };
		977FBD4A2351C3CC00190CC4 /* voterTests.swift in Sources */ = {isa = PBXBuildFile; fileRef = 977FBD492351C3CC00190CC4 /* voterTests.swift */; };
		977FBD552351C3CC00190CC4 /* voterUITests.swift in Sources */ = {isa = PBXBuildFile; fileRef = 977FBD542351C3CC00190CC4 /* voterUITests.swift */; };
		B48F4E20B8A6F3FBD9449FE3 /* Pods_voter.framework in Frameworks */ = {isa = PBXBuildFile; fileRef = 6EB50314B735508F3E954EDF /* Pods_voter.framework */; };
/* End PBXBuildFile section */

/* Begin PBXContainerItemProxy section */
		977FBD462351C3CC00190CC4 /* PBXContainerItemProxy */ = {
			isa = PBXContainerItemProxy;
			containerPortal = 977FBD292351C3CA00190CC4 /* Project object */;
			proxyType = 1;
			remoteGlobalIDString = 977FBD302351C3CA00190CC4;
			remoteInfo = voter;
		};
		977FBD512351C3CC00190CC4 /* PBXContainerItemProxy */ = {
			isa = PBXContainerItemProxy;
			containerPortal = 977FBD292351C3CA00190CC4 /* Project object */;
			proxyType = 1;
			remoteGlobalIDString = 977FBD302351C3CA00190CC4;
			remoteInfo = voter;
		};
/* End PBXContainerItemProxy section */

/* Begin PBXFileReference section */
		25222B10F82C5919CBF1E95F /* Pods-voterTests.debug.xcconfig */ = {isa = PBXFileReference; includeInIndex = 1; lastKnownFileType = text.xcconfig; name = "Pods-voterTests.debug.xcconfig"; path = "Target Support Files/Pods-voterTests/Pods-voterTests.debug.xcconfig"; sourceTree = "<group>"; };
		3D8FA09F9DBC9E9570634643 /* Pods_voterTests.framework */ = {isa = PBXFileReference; explicitFileType = wrapper.framework; includeInIndex = 0; path = Pods_voterTests.framework; sourceTree = BUILT_PRODUCTS_DIR; };
		42E1C23ECDA4934C5C05CEA4 /* Pods_voter_voterUITests.framework */ = {isa = PBXFileReference; explicitFileType = wrapper.framework; includeInIndex = 0; path = Pods_voter_voterUITests.framework; sourceTree = BUILT_PRODUCTS_DIR; };
		58953B6CC2962288155AD75C /* Pods-voter.debug.xcconfig */ = {isa = PBXFileReference; includeInIndex = 1; lastKnownFileType = text.xcconfig; name = "Pods-voter.debug.xcconfig"; path = "Target Support Files/Pods-voter/Pods-voter.debug.xcconfig"; sourceTree = "<group>"; };
		6EB50314B735508F3E954EDF /* Pods_voter.framework */ = {isa = PBXFileReference; explicitFileType = wrapper.framework; includeInIndex = 0; path = Pods_voter.framework; sourceTree = BUILT_PRODUCTS_DIR; };
		90ADD4C6F5B12B07FEF2CDC0 /* Pods-voterTests.release.xcconfig */ = {isa = PBXFileReference; includeInIndex = 1; lastKnownFileType = text.xcconfig; name = "Pods-voterTests.release.xcconfig"; path = "Target Support Files/Pods-voterTests/Pods-voterTests.release.xcconfig"; sourceTree = "<group>"; };
		91F3F0849377B6B12D337021 /* Pods-voter.release.xcconfig */ = {isa = PBXFileReference; includeInIndex = 1; lastKnownFileType = text.xcconfig; name = "Pods-voter.release.xcconfig"; path = "Target Support Files/Pods-voter/Pods-voter.release.xcconfig"; sourceTree = "<group>"; };
		9724DE2E2351C6EA00921865 /* RootViewController.swift */ = {isa = PBXFileReference; lastKnownFileType = sourcecode.swift; path = RootViewController.swift; sourceTree = "<group>"; };
		9724DE302351ED0300921865 /* LogInViewController.swift */ = {isa = PBXFileReference; lastKnownFileType = sourcecode.swift; path = LogInViewController.swift; sourceTree = "<group>"; };
		9724DE322351ED0F00921865 /* SignUpViewController.swift */ = {isa = PBXFileReference; lastKnownFileType = sourcecode.swift; path = SignUpViewController.swift; sourceTree = "<group>"; };
		9724DE362351EDD900921865 /* GoogleService-Info.plist */ = {isa = PBXFileReference; fileEncoding = 4; lastKnownFileType = text.plist.xml; path = "GoogleService-Info.plist"; sourceTree = "<group>"; };
		977FBD312351C3CA00190CC4 /* voter.app */ = {isa = PBXFileReference; explicitFileType = wrapper.application; includeInIndex = 0; path = voter.app; sourceTree = BUILT_PRODUCTS_DIR; };
		977FBD342351C3CA00190CC4 /* AppDelegate.swift */ = {isa = PBXFileReference; lastKnownFileType = sourcecode.swift; path = AppDelegate.swift; sourceTree = "<group>"; };
		977FBD362351C3CA00190CC4 /* ViewController.swift */ = {isa = PBXFileReference; lastKnownFileType = sourcecode.swift; path = ViewController.swift; sourceTree = "<group>"; };
		977FBD392351C3CA00190CC4 /* Base */ = {isa = PBXFileReference; lastKnownFileType = file.storyboard; name = Base; path = Base.lproj/Main.storyboard; sourceTree = "<group>"; };
		977FBD3B2351C3CC00190CC4 /* Assets.xcassets */ = {isa = PBXFileReference; lastKnownFileType = folder.assetcatalog; path = Assets.xcassets; sourceTree = "<group>"; };
		977FBD3E2351C3CC00190CC4 /* Base */ = {isa = PBXFileReference; lastKnownFileType = file.storyboard; name = Base; path = Base.lproj/LaunchScreen.storyboard; sourceTree = "<group>"; };
		977FBD402351C3CC00190CC4 /* Info.plist */ = {isa = PBXFileReference; lastKnownFileType = text.plist.xml; path = Info.plist; sourceTree = "<group>"; };
		977FBD452351C3CC00190CC4 /* voterTests.xctest */ = {isa = PBXFileReference; explicitFileType = wrapper.cfbundle; includeInIndex = 0; path = voterTests.xctest; sourceTree = BUILT_PRODUCTS_DIR; };
		977FBD492351C3CC00190CC4 /* voterTests.swift */ = {isa = PBXFileReference; lastKnownFileType = sourcecode.swift; path = voterTests.swift; sourceTree = "<group>"; };
		977FBD4B2351C3CC00190CC4 /* Info.plist */ = {isa = PBXFileReference; lastKnownFileType = text.plist.xml; path = Info.plist; sourceTree = "<group>"; };
		977FBD502351C3CC00190CC4 /* voterUITests.xctest */ = {isa = PBXFileReference; explicitFileType = wrapper.cfbundle; includeInIndex = 0; path = voterUITests.xctest; sourceTree = BUILT_PRODUCTS_DIR; };
		977FBD542351C3CC00190CC4 /* voterUITests.swift */ = {isa = PBXFileReference; lastKnownFileType = sourcecode.swift; path = voterUITests.swift; sourceTree = "<group>"; };
		977FBD562351C3CC00190CC4 /* Info.plist */ = {isa = PBXFileReference; lastKnownFileType = text.plist.xml; path = Info.plist; sourceTree = "<group>"; };
		BC799A624EC4580700353DE7 /* Pods-voter-voterUITests.debug.xcconfig */ = {isa = PBXFileReference; includeInIndex = 1; lastKnownFileType = text.xcconfig; name = "Pods-voter-voterUITests.debug.xcconfig"; path = "Target Support Files/Pods-voter-voterUITests/Pods-voter-voterUITests.debug.xcconfig"; sourceTree = "<group>"; };
		CF3FD5C658B2D6562A65D985 /* Pods-voter-voterUITests.release.xcconfig */ = {isa = PBXFileReference; includeInIndex = 1; lastKnownFileType = text.xcconfig; name = "Pods-voter-voterUITests.release.xcconfig"; path = "Target Support Files/Pods-voter-voterUITests/Pods-voter-voterUITests.release.xcconfig"; sourceTree = "<group>"; };
/* End PBXFileReference section */

/* Begin PBXFrameworksBuildPhase section */
		977FBD2E2351C3CA00190CC4 /* Frameworks */ = {
			isa = PBXFrameworksBuildPhase;
			buildActionMask = 2147483647;
			files = (
				B48F4E20B8A6F3FBD9449FE3 /* Pods_voter.framework in Frameworks */,
			);
			runOnlyForDeploymentPostprocessing = 0;
		};
		977FBD422351C3CC00190CC4 /* Frameworks */ = {
			isa = PBXFrameworksBuildPhase;
			buildActionMask = 2147483647;
			files = (
				2A6E6B1183B13CCDB47B37B4 /* Pods_voterTests.framework in Frameworks */,
			);
			runOnlyForDeploymentPostprocessing = 0;
		};
		977FBD4D2351C3CC00190CC4 /* Frameworks */ = {
			isa = PBXFrameworksBuildPhase;
			buildActionMask = 2147483647;
			files = (
				0BDFE1B74A120EC4512E93E6 /* Pods_voter_voterUITests.framework in Frameworks */,
			);
			runOnlyForDeploymentPostprocessing = 0;
		};
/* End PBXFrameworksBuildPhase section */

/* Begin PBXGroup section */
		9684C019C358A9A7EC791CBE /* Pods */ = {
			isa = PBXGroup;
			children = (
				58953B6CC2962288155AD75C /* Pods-voter.debug.xcconfig */,
				91F3F0849377B6B12D337021 /* Pods-voter.release.xcconfig */,
				BC799A624EC4580700353DE7 /* Pods-voter-voterUITests.debug.xcconfig */,
				CF3FD5C658B2D6562A65D985 /* Pods-voter-voterUITests.release.xcconfig */,
				25222B10F82C5919CBF1E95F /* Pods-voterTests.debug.xcconfig */,
				90ADD4C6F5B12B07FEF2CDC0 /* Pods-voterTests.release.xcconfig */,
			);
			path = Pods;
			sourceTree = "<group>";
		};
		977FBD282351C3CA00190CC4 = {
			isa = PBXGroup;
			children = (
				977FBD332351C3CA00190CC4 /* voter */,
				977FBD482351C3CC00190CC4 /* voterTests */,
				977FBD532351C3CC00190CC4 /* voterUITests */,
				977FBD322351C3CA00190CC4 /* Products */,
				9684C019C358A9A7EC791CBE /* Pods */,
				F4E48ACAC986011DD5C702AB /* Frameworks */,
			);
			sourceTree = "<group>";
		};
		977FBD322351C3CA00190CC4 /* Products */ = {
			isa = PBXGroup;
			children = (
				977FBD312351C3CA00190CC4 /* voter.app */,
				977FBD452351C3CC00190CC4 /* voterTests.xctest */,
				977FBD502351C3CC00190CC4 /* voterUITests.xctest */,
			);
			name = Products;
			sourceTree = "<group>";
		};
		977FBD332351C3CA00190CC4 /* voter */ = {
			isa = PBXGroup;
			children = (
				9724DE2E2351C6EA00921865 /* RootViewController.swift */,
				977FBD342351C3CA00190CC4 /* AppDelegate.swift */,
				977FBD362351C3CA00190CC4 /* ViewController.swift */,
				977FBD382351C3CA00190CC4 /* Main.storyboard */,
				9724DE302351ED0300921865 /* LogInViewController.swift */,
				9724DE322351ED0F00921865 /* SignUpViewController.swift */,
				977FBD3B2351C3CC00190CC4 /* Assets.xcassets */,
				977FBD3D2351C3CC00190CC4 /* LaunchScreen.storyboard */,
				977FBD402351C3CC00190CC4 /* Info.plist */,
				9724DE362351EDD900921865 /* GoogleService-Info.plist */,
			);
			path = voter;
			sourceTree = "<group>";
		};
		977FBD482351C3CC00190CC4 /* voterTests */ = {
			isa = PBXGroup;
			children = (
				977FBD492351C3CC00190CC4 /* voterTests.swift */,
				977FBD4B2351C3CC00190CC4 /* Info.plist */,
			);
			path = voterTests;
			sourceTree = "<group>";
		};
		977FBD532351C3CC00190CC4 /* voterUITests */ = {
			isa = PBXGroup;
			children = (
				977FBD542351C3CC00190CC4 /* voterUITests.swift */,
				977FBD562351C3CC00190CC4 /* Info.plist */,
			);
			path = voterUITests;
			sourceTree = "<group>";
		};
		F4E48ACAC986011DD5C702AB /* Frameworks */ = {
			isa = PBXGroup;
			children = (
				6EB50314B735508F3E954EDF /* Pods_voter.framework */,
				42E1C23ECDA4934C5C05CEA4 /* Pods_voter_voterUITests.framework */,
				3D8FA09F9DBC9E9570634643 /* Pods_voterTests.framework */,
			);
			name = Frameworks;
			sourceTree = "<group>";
		};
/* End PBXGroup section */

/* Begin PBXNativeTarget section */
		977FBD302351C3CA00190CC4 /* voter */ = {
			isa = PBXNativeTarget;
			buildConfigurationList = 977FBD592351C3CC00190CC4 /* Build configuration list for PBXNativeTarget "voter" */;
			buildPhases = (
				708C1A4DCEBCFDFEBDFBD9A2 /* [CP] Check Pods Manifest.lock */,
				977FBD2D2351C3CA00190CC4 /* Sources */,
				977FBD2E2351C3CA00190CC4 /* Frameworks */,
				977FBD2F2351C3CA00190CC4 /* Resources */,
				36F330BC6253194310898D33 /* [CP] Embed Pods Frameworks */,
			);
			buildRules = (
			);
			dependencies = (
			);
			name = voter;
			productName = voter;
			productReference = 977FBD312351C3CA00190CC4 /* voter.app */;
			productType = "com.apple.product-type.application";
		};
		977FBD442351C3CC00190CC4 /* voterTests */ = {
			isa = PBXNativeTarget;
			buildConfigurationList = 977FBD5C2351C3CC00190CC4 /* Build configuration list for PBXNativeTarget "voterTests" */;
			buildPhases = (
				99DF6ED72A11A4EAAF7A7466 /* [CP] Check Pods Manifest.lock */,
				977FBD412351C3CC00190CC4 /* Sources */,
				977FBD422351C3CC00190CC4 /* Frameworks */,
				977FBD432351C3CC00190CC4 /* Resources */,
			);
			buildRules = (
			);
			dependencies = (
				977FBD472351C3CC00190CC4 /* PBXTargetDependency */,
			);
			name = voterTests;
			productName = voterTests;
			productReference = 977FBD452351C3CC00190CC4 /* voterTests.xctest */;
			productType = "com.apple.product-type.bundle.unit-test";
		};
		977FBD4F2351C3CC00190CC4 /* voterUITests */ = {
			isa = PBXNativeTarget;
			buildConfigurationList = 977FBD5F2351C3CC00190CC4 /* Build configuration list for PBXNativeTarget "voterUITests" */;
			buildPhases = (
				412A7A384E7E5087418796AF /* [CP] Check Pods Manifest.lock */,
				977FBD4C2351C3CC00190CC4 /* Sources */,
				977FBD4D2351C3CC00190CC4 /* Frameworks */,
				977FBD4E2351C3CC00190CC4 /* Resources */,
				C76A26D998C20EE783BCA6E2 /* [CP] Embed Pods Frameworks */,
			);
			buildRules = (
			);
			dependencies = (
				977FBD522351C3CC00190CC4 /* PBXTargetDependency */,
			);
			name = voterUITests;
			productName = voterUITests;
			productReference = 977FBD502351C3CC00190CC4 /* voterUITests.xctest */;
			productType = "com.apple.product-type.bundle.ui-testing";
		};
/* End PBXNativeTarget section */

/* Begin PBXProject section */
		977FBD292351C3CA00190CC4 /* Project object */ = {
			isa = PBXProject;
			attributes = {
				LastSwiftUpdateCheck = 1030;
				LastUpgradeCheck = 1030;
				ORGANIZATIONNAME = mhacks;
				TargetAttributes = {
					977FBD302351C3CA00190CC4 = {
						CreatedOnToolsVersion = 10.3;
					};
					977FBD442351C3CC00190CC4 = {
						CreatedOnToolsVersion = 10.3;
						TestTargetID = 977FBD302351C3CA00190CC4;
					};
					977FBD4F2351C3CC00190CC4 = {
						CreatedOnToolsVersion = 10.3;
						TestTargetID = 977FBD302351C3CA00190CC4;
					};
				};
			};
			buildConfigurationList = 977FBD2C2351C3CA00190CC4 /* Build configuration list for PBXProject "voter" */;
			compatibilityVersion = "Xcode 9.3";
			developmentRegion = en;
			hasScannedForEncodings = 0;
			knownRegions = (
				en,
				Base,
			);
			mainGroup = 977FBD282351C3CA00190CC4;
			productRefGroup = 977FBD322351C3CA00190CC4 /* Products */;
			projectDirPath = "";
			projectRoot = "";
			targets = (
				977FBD302351C3CA00190CC4 /* voter */,
				977FBD442351C3CC00190CC4 /* voterTests */,
				977FBD4F2351C3CC00190CC4 /* voterUITests */,
			);
		};
/* End PBXProject section */

/* Begin PBXResourcesBuildPhase section */
		977FBD2F2351C3CA00190CC4 /* Resources */ = {
			isa = PBXResourcesBuildPhase;
			buildActionMask = 2147483647;
			files = (
				977FBD3F2351C3CC00190CC4 /* LaunchScreen.storyboard in Resources */,
				9724DE372351EDD900921865 /* GoogleService-Info.plist in Resources */,
				977FBD3C2351C3CC00190CC4 /* Assets.xcassets in Resources */,
				977FBD3A2351C3CA00190CC4 /* Main.storyboard in Resources */,
			);
			runOnlyForDeploymentPostprocessing = 0;
		};
		977FBD432351C3CC00190CC4 /* Resources */ = {
			isa = PBXResourcesBuildPhase;
			buildActionMask = 2147483647;
			files = (
			);
			runOnlyForDeploymentPostprocessing = 0;
		};
		977FBD4E2351C3CC00190CC4 /* Resources */ = {
			isa = PBXResourcesBuildPhase;
			buildActionMask = 2147483647;
			files = (
			);
			runOnlyForDeploymentPostprocessing = 0;
		};
/* End PBXResourcesBuildPhase section */

/* Begin PBXShellScriptBuildPhase section */
		36F330BC6253194310898D33 /* [CP] Embed Pods Frameworks */ = {
			isa = PBXShellScriptBuildPhase;
			buildActionMask = 2147483647;
			files = (
			);
			inputFileListPaths = (
				"${PODS_ROOT}/Target Support Files/Pods-voter/Pods-voter-frameworks-${CONFIGURATION}-input-files.xcfilelist",
			);
			name = "[CP] Embed Pods Frameworks";
			outputFileListPaths = (
				"${PODS_ROOT}/Target Support Files/Pods-voter/Pods-voter-frameworks-${CONFIGURATION}-output-files.xcfilelist",
			);
			runOnlyForDeploymentPostprocessing = 0;
			shellPath = /bin/sh;
			shellScript = "\"${PODS_ROOT}/Target Support Files/Pods-voter/Pods-voter-frameworks.sh\"\n";
			showEnvVarsInLog = 0;
		};
		412A7A384E7E5087418796AF /* [CP] Check Pods Manifest.lock */ = {
			isa = PBXShellScriptBuildPhase;
			buildActionMask = 2147483647;
			files = (
			);
			inputFileListPaths = (
			);
			inputPaths = (
				"${PODS_PODFILE_DIR_PATH}/Podfile.lock",
				"${PODS_ROOT}/Manifest.lock",
			);
			name = "[CP] Check Pods Manifest.lock";
			outputFileListPaths = (
			);
			outputPaths = (
				"$(DERIVED_FILE_DIR)/Pods-voter-voterUITests-checkManifestLockResult.txt",
			);
			runOnlyForDeploymentPostprocessing = 0;
			shellPath = /bin/sh;
			shellScript = "diff \"${PODS_PODFILE_DIR_PATH}/Podfile.lock\" \"${PODS_ROOT}/Manifest.lock\" > /dev/null\nif [ $? != 0 ] ; then\n    # print error to STDERR\n    echo \"error: The sandbox is not in sync with the Podfile.lock. Run 'pod install' or update your CocoaPods installation.\" >&2\n    exit 1\nfi\n# This output is used by Xcode 'outputs' to avoid re-running this script phase.\necho \"SUCCESS\" > \"${SCRIPT_OUTPUT_FILE_0}\"\n";
			showEnvVarsInLog = 0;
		};
		708C1A4DCEBCFDFEBDFBD9A2 /* [CP] Check Pods Manifest.lock */ = {
			isa = PBXShellScriptBuildPhase;
			buildActionMask = 2147483647;
			files = (
			);
			inputFileListPaths = (
			);
			inputPaths = (
				"${PODS_PODFILE_DIR_PATH}/Podfile.lock",
				"${PODS_ROOT}/Manifest.lock",
			);
			name = "[CP] Check Pods Manifest.lock";
			outputFileListPaths = (
			);
			outputPaths = (
				"$(DERIVED_FILE_DIR)/Pods-voter-checkManifestLockResult.txt",
			);
			runOnlyForDeploymentPostprocessing = 0;
			shellPath = /bin/sh;
			shellScript = "diff \"${PODS_PODFILE_DIR_PATH}/Podfile.lock\" \"${PODS_ROOT}/Manifest.lock\" > /dev/null\nif [ $? != 0 ] ; then\n    # print error to STDERR\n    echo \"error: The sandbox is not in sync with the Podfile.lock. Run 'pod install' or update your CocoaPods installation.\" >&2\n    exit 1\nfi\n# This output is used by Xcode 'outputs' to avoid re-running this script phase.\necho \"SUCCESS\" > \"${SCRIPT_OUTPUT_FILE_0}\"\n";
			showEnvVarsInLog = 0;
		};
		99DF6ED72A11A4EAAF7A7466 /* [CP] Check Pods Manifest.lock */ = {
			isa = PBXShellScriptBuildPhase;
			buildActionMask = 2147483647;
			files = (
			);
			inputFileListPaths = (
			);
			inputPaths = (
				"${PODS_PODFILE_DIR_PATH}/Podfile.lock",
				"${PODS_ROOT}/Manifest.lock",
			);
			name = "[CP] Check Pods Manifest.lock";
			outputFileListPaths = (
			);
			outputPaths = (
				"$(DERIVED_FILE_DIR)/Pods-voterTests-checkManifestLockResult.txt",
			);
			runOnlyForDeploymentPostprocessing = 0;
			shellPath = /bin/sh;
			shellScript = "diff \"${PODS_PODFILE_DIR_PATH}/Podfile.lock\" \"${PODS_ROOT}/Manifest.lock\" > /dev/null\nif [ $? != 0 ] ; then\n    # print error to STDERR\n    echo \"error: The sandbox is not in sync with the Podfile.lock. Run 'pod install' or update your CocoaPods installation.\" >&2\n    exit 1\nfi\n# This output is used by Xcode 'outputs' to avoid re-running this script phase.\necho \"SUCCESS\" > \"${SCRIPT_OUTPUT_FILE_0}\"\n";
			showEnvVarsInLog = 0;
		};
		C76A26D998C20EE783BCA6E2 /* [CP] Embed Pods Frameworks */ = {
			isa = PBXShellScriptBuildPhase;
			buildActionMask = 2147483647;
			files = (
			);
			inputFileListPaths = (
				"${PODS_ROOT}/Target Support Files/Pods-voter-voterUITests/Pods-voter-voterUITests-frameworks-${CONFIGURATION}-input-files.xcfilelist",
			);
			name = "[CP] Embed Pods Frameworks";
			outputFileListPaths = (
				"${PODS_ROOT}/Target Support Files/Pods-voter-voterUITests/Pods-voter-voterUITests-frameworks-${CONFIGURATION}-output-files.xcfilelist",
			);
			runOnlyForDeploymentPostprocessing = 0;
			shellPath = /bin/sh;
			shellScript = "\"${PODS_ROOT}/Target Support Files/Pods-voter-voterUITests/Pods-voter-voterUITests-frameworks.sh\"\n";
			showEnvVarsInLog = 0;
		};
/* End PBXShellScriptBuildPhase section */

/* Begin PBXSourcesBuildPhase section */
		977FBD2D2351C3CA00190CC4 /* Sources */ = {
			isa = PBXSourcesBuildPhase;
			buildActionMask = 2147483647;
			files = (
				9724DE312351ED0300921865 /* LogInViewController.swift in Sources */,
				977FBD372351C3CA00190CC4 /* ViewController.swift in Sources */,
				977FBD352351C3CA00190CC4 /* AppDelegate.swift in Sources */,
				9724DE2F2351C6EA00921865 /* RootViewController.swift in Sources */,
				9724DE332351ED0F00921865 /* SignUpViewController.swift in Sources */,
			);
			runOnlyForDeploymentPostprocessing = 0;
		};
		977FBD412351C3CC00190CC4 /* Sources */ = {
			isa = PBXSourcesBuildPhase;
			buildActionMask = 2147483647;
			files = (
				977FBD4A2351C3CC00190CC4 /* voterTests.swift in Sources */,
			);
			runOnlyForDeploymentPostprocessing = 0;
		};
		977FBD4C2351C3CC00190CC4 /* Sources */ = {
			isa = PBXSourcesBuildPhase;
			buildActionMask = 2147483647;
			files = (
				977FBD552351C3CC00190CC4 /* voterUITests.swift in Sources */,
			);
			runOnlyForDeploymentPostprocessing = 0;
		};
/* End PBXSourcesBuildPhase section */

/* Begin PBXTargetDependency section */
		977FBD472351C3CC00190CC4 /* PBXTargetDependency */ = {
			isa = PBXTargetDependency;
			target = 977FBD302351C3CA00190CC4 /* voter */;
			targetProxy = 977FBD462351C3CC00190CC4 /* PBXContainerItemProxy */;
		};
		977FBD522351C3CC00190CC4 /* PBXTargetDependency */ = {
			isa = PBXTargetDependency;
			target = 977FBD302351C3CA00190CC4 /* voter */;
			targetProxy = 977FBD512351C3CC00190CC4 /* PBXContainerItemProxy */;
		};
/* End PBXTargetDependency section */

/* Begin PBXVariantGroup section */
		977FBD382351C3CA00190CC4 /* Main.storyboard */ = {
			isa = PBXVariantGroup;
			children = (
				977FBD392351C3CA00190CC4 /* Base */,
			);
			name = Main.storyboard;
			sourceTree = "<group>";
		};
		977FBD3D2351C3CC00190CC4 /* LaunchScreen.storyboard */ = {
			isa = PBXVariantGroup;
			children = (
				977FBD3E2351C3CC00190CC4 /* Base */,
			);
			name = LaunchScreen.storyboard;
			sourceTree = "<group>";
		};
/* End PBXVariantGroup section */

/* Begin XCBuildConfiguration section */
		977FBD572351C3CC00190CC4 /* Debug */ = {
			isa = XCBuildConfiguration;
			buildSettings = {
				ALWAYS_SEARCH_USER_PATHS = NO;
				CLANG_ANALYZER_NONNULL = YES;
				CLANG_ANALYZER_NUMBER_OBJECT_CONVERSION = YES_AGGRESSIVE;
				CLANG_CXX_LANGUAGE_STANDARD = "gnu++14";
				CLANG_CXX_LIBRARY = "libc++";
				CLANG_ENABLE_MODULES = YES;
				CLANG_ENABLE_OBJC_ARC = YES;
				CLANG_ENABLE_OBJC_WEAK = YES;
				CLANG_WARN_BLOCK_CAPTURE_AUTORELEASING = YES;
				CLANG_WARN_BOOL_CONVERSION = YES;
				CLANG_WARN_COMMA = YES;
				CLANG_WARN_CONSTANT_CONVERSION = YES;
				CLANG_WARN_DEPRECATED_OBJC_IMPLEMENTATIONS = YES;
				CLANG_WARN_DIRECT_OBJC_ISA_USAGE = YES_ERROR;
				CLANG_WARN_DOCUMENTATION_COMMENTS = YES;
				CLANG_WARN_EMPTY_BODY = YES;
				CLANG_WARN_ENUM_CONVERSION = YES;
				CLANG_WARN_INFINITE_RECURSION = YES;
				CLANG_WARN_INT_CONVERSION = YES;
				CLANG_WARN_NON_LITERAL_NULL_CONVERSION = YES;
				CLANG_WARN_OBJC_IMPLICIT_RETAIN_SELF = YES;
				CLANG_WARN_OBJC_LITERAL_CONVERSION = YES;
				CLANG_WARN_OBJC_ROOT_CLASS = YES_ERROR;
				CLANG_WARN_RANGE_LOOP_ANALYSIS = YES;
				CLANG_WARN_STRICT_PROTOTYPES = YES;
				CLANG_WARN_SUSPICIOUS_MOVE = YES;
				CLANG_WARN_UNGUARDED_AVAILABILITY = YES_AGGRESSIVE;
				CLANG_WARN_UNREACHABLE_CODE = YES;
				CLANG_WARN__DUPLICATE_METHOD_MATCH = YES;
				CODE_SIGN_IDENTITY = "iPhone Developer";
				COPY_PHASE_STRIP = NO;
				DEBUG_INFORMATION_FORMAT = dwarf;
				ENABLE_STRICT_OBJC_MSGSEND = YES;
				ENABLE_TESTABILITY = YES;
				GCC_C_LANGUAGE_STANDARD = gnu11;
				GCC_DYNAMIC_NO_PIC = NO;
				GCC_NO_COMMON_BLOCKS = YES;
				GCC_OPTIMIZATION_LEVEL = 0;
				GCC_PREPROCESSOR_DEFINITIONS = (
					"DEBUG=1",
					"$(inherited)",
				);
				GCC_WARN_64_TO_32_BIT_CONVERSION = YES;
				GCC_WARN_ABOUT_RETURN_TYPE = YES_ERROR;
				GCC_WARN_UNDECLARED_SELECTOR = YES;
				GCC_WARN_UNINITIALIZED_AUTOS = YES_AGGRESSIVE;
				GCC_WARN_UNUSED_FUNCTION = YES;
				GCC_WARN_UNUSED_VARIABLE = YES;
				IPHONEOS_DEPLOYMENT_TARGET = 12.4;
				MTL_ENABLE_DEBUG_INFO = INCLUDE_SOURCE;
				MTL_FAST_MATH = YES;
				ONLY_ACTIVE_ARCH = YES;
				SDKROOT = iphoneos;
				SWIFT_ACTIVE_COMPILATION_CONDITIONS = DEBUG;
				SWIFT_OPTIMIZATION_LEVEL = "-Onone";
			};
			name = Debug;
		};
		977FBD582351C3CC00190CC4 /* Release */ = {
			isa = XCBuildConfiguration;
			buildSettings = {
				ALWAYS_SEARCH_USER_PATHS = NO;
				CLANG_ANALYZER_NONNULL = YES;
				CLANG_ANALYZER_NUMBER_OBJECT_CONVERSION = YES_AGGRESSIVE;
				CLANG_CXX_LANGUAGE_STANDARD = "gnu++14";
				CLANG_CXX_LIBRARY = "libc++";
				CLANG_ENABLE_MODULES = YES;
				CLANG_ENABLE_OBJC_ARC = YES;
				CLANG_ENABLE_OBJC_WEAK = YES;
				CLANG_WARN_BLOCK_CAPTURE_AUTORELEASING = YES;
				CLANG_WARN_BOOL_CONVERSION = YES;
				CLANG_WARN_COMMA = YES;
				CLANG_WARN_CONSTANT_CONVERSION = YES;
				CLANG_WARN_DEPRECATED_OBJC_IMPLEMENTATIONS = YES;
				CLANG_WARN_DIRECT_OBJC_ISA_USAGE = YES_ERROR;
				CLANG_WARN_DOCUMENTATION_COMMENTS = YES;
				CLANG_WARN_EMPTY_BODY = YES;
				CLANG_WARN_ENUM_CONVERSION = YES;
				CLANG_WARN_INFINITE_RECURSION = YES;
				CLANG_WARN_INT_CONVERSION = YES;
				CLANG_WARN_NON_LITERAL_NULL_CONVERSION = YES;
				CLANG_WARN_OBJC_IMPLICIT_RETAIN_SELF = YES;
				CLANG_WARN_OBJC_LITERAL_CONVERSION = YES;
				CLANG_WARN_OBJC_ROOT_CLASS = YES_ERROR;
				CLANG_WARN_RANGE_LOOP_ANALYSIS = YES;
				CLANG_WARN_STRICT_PROTOTYPES = YES;
				CLANG_WARN_SUSPICIOUS_MOVE = YES;
				CLANG_WARN_UNGUARDED_AVAILABILITY = YES_AGGRESSIVE;
				CLANG_WARN_UNREACHABLE_CODE = YES;
				CLANG_WARN__DUPLICATE_METHOD_MATCH = YES;
				CODE_SIGN_IDENTITY = "iPhone Developer";
				COPY_PHASE_STRIP = NO;
				DEBUG_INFORMATION_FORMAT = "dwarf-with-dsym";
				ENABLE_NS_ASSERTIONS = NO;
				ENABLE_STRICT_OBJC_MSGSEND = YES;
				GCC_C_LANGUAGE_STANDARD = gnu11;
				GCC_NO_COMMON_BLOCKS = YES;
				GCC_WARN_64_TO_32_BIT_CONVERSION = YES;
				GCC_WARN_ABOUT_RETURN_TYPE = YES_ERROR;
				GCC_WARN_UNDECLARED_SELECTOR = YES;
				GCC_WARN_UNINITIALIZED_AUTOS = YES_AGGRESSIVE;
				GCC_WARN_UNUSED_FUNCTION = YES;
				GCC_WARN_UNUSED_VARIABLE = YES;
				IPHONEOS_DEPLOYMENT_TARGET = 12.4;
				MTL_ENABLE_DEBUG_INFO = NO;
				MTL_FAST_MATH = YES;
				SDKROOT = iphoneos;
				SWIFT_COMPILATION_MODE = wholemodule;
				SWIFT_OPTIMIZATION_LEVEL = "-O";
				VALIDATE_PRODUCT = YES;
			};
			name = Release;
		};
		977FBD5A2351C3CC00190CC4 /* Debug */ = {
			isa = XCBuildConfiguration;
			baseConfigurationReference = 58953B6CC2962288155AD75C /* Pods-voter.debug.xcconfig */;
			buildSettings = {
				ASSETCATALOG_COMPILER_APPICON_NAME = AppIcon;
				CODE_SIGN_STYLE = Automatic;
				DEVELOPMENT_TEAM = KY3WH54F32;
				INFOPLIST_FILE = voter/Info.plist;
				LD_RUNPATH_SEARCH_PATHS = (
					"$(inherited)",
					"@executable_path/Frameworks",
				);
				PRODUCT_BUNDLE_IDENTIFIER = mhacks.voter;
				PRODUCT_NAME = "$(TARGET_NAME)";
				SWIFT_VERSION = 5.0;
				TARGETED_DEVICE_FAMILY = "1,2";
			};
			name = Debug;
		};
		977FBD5B2351C3CC00190CC4 /* Release */ = {
			isa = XCBuildConfiguration;
			baseConfigurationReference = 91F3F0849377B6B12D337021 /* Pods-voter.release.xcconfig */;
			buildSettings = {
				ASSETCATALOG_COMPILER_APPICON_NAME = AppIcon;
				CODE_SIGN_STYLE = Automatic;
				DEVELOPMENT_TEAM = KY3WH54F32;
				INFOPLIST_FILE = voter/Info.plist;
				LD_RUNPATH_SEARCH_PATHS = (
					"$(inherited)",
					"@executable_path/Frameworks",
				);
				PRODUCT_BUNDLE_IDENTIFIER = mhacks.voter;
				PRODUCT_NAME = "$(TARGET_NAME)";
				SWIFT_VERSION = 5.0;
				TARGETED_DEVICE_FAMILY = "1,2";
			};
			name = Release;
		};
		977FBD5D2351C3CC00190CC4 /* Debug */ = {
			isa = XCBuildConfiguration;
			baseConfigurationReference = 25222B10F82C5919CBF1E95F /* Pods-voterTests.debug.xcconfig */;
			buildSettings = {
				ALWAYS_EMBED_SWIFT_STANDARD_LIBRARIES = YES;
				BUNDLE_LOADER = "$(TEST_HOST)";
				CODE_SIGN_STYLE = Automatic;
				DEVELOPMENT_TEAM = KY3WH54F32;
				INFOPLIST_FILE = voterTests/Info.plist;
				LD_RUNPATH_SEARCH_PATHS = (
					"$(inherited)",
					"@executable_path/Frameworks",
					"@loader_path/Frameworks",
				);
				PRODUCT_BUNDLE_IDENTIFIER = mhacks.voterTests;
				PRODUCT_NAME = "$(TARGET_NAME)";
				SWIFT_VERSION = 5.0;
				TARGETED_DEVICE_FAMILY = "1,2";
				TEST_HOST = "$(BUILT_PRODUCTS_DIR)/voter.app/voter";
			};
			name = Debug;
		};
		977FBD5E2351C3CC00190CC4 /* Release */ = {
			isa = XCBuildConfiguration;
			baseConfigurationReference = 90ADD4C6F5B12B07FEF2CDC0 /* Pods-voterTests.release.xcconfig */;
			buildSettings = {
				ALWAYS_EMBED_SWIFT_STANDARD_LIBRARIES = YES;
				BUNDLE_LOADER = "$(TEST_HOST)";
				CODE_SIGN_STYLE = Automatic;
				DEVELOPMENT_TEAM = KY3WH54F32;
				INFOPLIST_FILE = voterTests/Info.plist;
				LD_RUNPATH_SEARCH_PATHS = (
					"$(inherited)",
					"@executable_path/Frameworks",
					"@loader_path/Frameworks",
				);
				PRODUCT_BUNDLE_IDENTIFIER = mhacks.voterTests;
				PRODUCT_NAME = "$(TARGET_NAME)";
				SWIFT_VERSION = 5.0;
				TARGETED_DEVICE_FAMILY = "1,2";
				TEST_HOST = "$(BUILT_PRODUCTS_DIR)/voter.app/voter";
			};
			name = Release;
		};
		977FBD602351C3CC00190CC4 /* Debug */ = {
			isa = XCBuildConfiguration;
			baseConfigurationReference = BC799A624EC4580700353DE7 /* Pods-voter-voterUITests.debug.xcconfig */;
			buildSettings = {
				ALWAYS_EMBED_SWIFT_STANDARD_LIBRARIES = YES;
				CODE_SIGN_STYLE = Automatic;
				DEVELOPMENT_TEAM = KY3WH54F32;
				INFOPLIST_FILE = voterUITests/Info.plist;
				LD_RUNPATH_SEARCH_PATHS = (
					"$(inherited)",
					"@executable_path/Frameworks",
					"@loader_path/Frameworks",
				);
				PRODUCT_BUNDLE_IDENTIFIER = mhacks.voterUITests;
				PRODUCT_NAME = "$(TARGET_NAME)";
				SWIFT_VERSION = 5.0;
				TARGETED_DEVICE_FAMILY = "1,2";
				TEST_TARGET_NAME = voter;
			};
			name = Debug;
		};
		977FBD612351C3CC00190CC4 /* Release */ = {
			isa = XCBuildConfiguration;
			baseConfigurationReference = CF3FD5C658B2D6562A65D985 /* Pods-voter-voterUITests.release.xcconfig */;
			buildSettings = {
				ALWAYS_EMBED_SWIFT_STANDARD_LIBRARIES = YES;
				CODE_SIGN_STYLE = Automatic;
				DEVELOPMENT_TEAM = KY3WH54F32;
				INFOPLIST_FILE = voterUITests/Info.plist;
				LD_RUNPATH_SEARCH_PATHS = (
					"$(inherited)",
					"@executable_path/Frameworks",
					"@loader_path/Frameworks",
				);
				PRODUCT_BUNDLE_IDENTIFIER = mhacks.voterUITests;
				PRODUCT_NAME = "$(TARGET_NAME)";
				SWIFT_VERSION = 5.0;
				TARGETED_DEVICE_FAMILY = "1,2";
				TEST_TARGET_NAME = voter;
			};
			name = Release;
		};
/* End XCBuildConfiguration section */

/* Begin XCConfigurationList section */
		977FBD2C2351C3CA00190CC4 /* Build configuration list for PBXProject "voter" */ = {
			isa = XCConfigurationList;
			buildConfigurations = (
				977FBD572351C3CC00190CC4 /* Debug */,
				977FBD582351C3CC00190CC4 /* Release */,
			);
			defaultConfigurationIsVisible = 0;
			defaultConfigurationName = Release;
		};
		977FBD592351C3CC00190CC4 /* Build configuration list for PBXNativeTarget "voter" */ = {
			isa = XCConfigurationList;
			buildConfigurations = (
				977FBD5A2351C3CC00190CC4 /* Debug */,
				977FBD5B2351C3CC00190CC4 /* Release */,
			);
			defaultConfigurationIsVisible = 0;
			defaultConfigurationName = Release;
		};
		977FBD5C2351C3CC00190CC4 /* Build configuration list for PBXNativeTarget "voterTests" */ = {
			isa = XCConfigurationList;
			buildConfigurations = (
				977FBD5D2351C3CC00190CC4 /* Debug */,
				977FBD5E2351C3CC00190CC4 /* Release */,
			);
			defaultConfigurationIsVisible = 0;
			defaultConfigurationName = Release;
		};
		977FBD5F2351C3CC00190CC4 /* Build configuration list for PBXNativeTarget "voterUITests" */ = {
			isa = XCConfigurationList;
			buildConfigurations = (
				977FBD602351C3CC00190CC4 /* Debug */,
				977FBD612351C3CC00190CC4 /* Release */,
			);
			defaultConfigurationIsVisible = 0;
			defaultConfigurationName = Release;
		};
/* End XCConfigurationList section */
	};
	rootObject = 977FBD292351C3CA00190CC4 /* Project object */;
}
